
Microsoft Visual Studio Solution File, Format Version 12.00
# Visual Studio Version 17
VisualStudioVersion = 17.1.32319.34
MinimumVisualStudioVersion = 10.0.40219.1
Project("{2150E333-8FDC-42A3-9474-1A3956D46DE8}") = "Building Blocks", "Building Blocks", "{EEC5C172-A721-4E5A-AD21-951F784585AD}"
EndProject
Project("{2150E333-8FDC-42A3-9474-1A3956D46DE8}") = "Web", "Web", "{D95BEB62-4DE3-481F-AE9E-2E7B0E8700FB}"
EndProject
Project("{2150E333-8FDC-42A3-9474-1A3956D46DE8}") = "Services", "Services", "{2700FDCA-955A-42D9-8DDF-90C1ECBC47E3}"
EndProject
Project("{9A19103F-16F7-4668-BE54-9A1E7A4F7556}") = "NSE.Identity.API", "src\Services\NSE.Identity.API\NSE.Identity.API.csproj", "{82651452-C5DB-4965-B84F-1722E09A9688}"
EndProject
Project("{2150E333-8FDC-42A3-9474-1A3956D46DE8}") = "Core", "Core", "{C731DA8E-83BF-49C9-BA36-EDE61F517869}"
EndProject
Project("{2150E333-8FDC-42A3-9474-1A3956D46DE8}") = "Identity", "Identity", "{EBBC192C-24F7-409C-9371-787A24FC3E28}"
EndProject
Project("{2150E333-8FDC-42A3-9474-1A3956D46DE8}") = "ShoppingCart", "ShoppingCart", "{85B85FFB-FF29-4A89-A582-7A7BB900D239}"
EndProject
Project("{2150E333-8FDC-42A3-9474-1A3956D46DE8}") = "Catalog", "Catalog", "{96DFD8E5-D8BB-42B8-8359-394717CDDB3B}"
EndProject
Project("{2150E333-8FDC-42A3-9474-1A3956D46DE8}") = "Payment", "Payment", "{7DF070AE-7599-4AB2-AA85-D1A575C1EEB1}"
EndProject
Project("{2150E333-8FDC-42A3-9474-1A3956D46DE8}") = "Order", "Order", "{21E712F0-5C37-42CA-983B-DA72D1EDFD9A}"
EndProject
Project("{2150E333-8FDC-42A3-9474-1A3956D46DE8}") = "MVC", "MVC", "{23A34D1A-B5D7-47B5-B5C3-540ECC84DAC0}"
EndProject
Project("{9A19103F-16F7-4668-BE54-9A1E7A4F7556}") = "NSE.Core", "src\Building Blocks\NSE.Core\NSE.Core.csproj", "{D611B5FC-8A3E-43BE-B97A-CAD91391405E}"
EndProject
Project("{9A19103F-16F7-4668-BE54-9A1E7A4F7556}") = "NSE.ShoppingCart.API", "src\Services\NSE.ShoppingCart.API\NSE.ShoppingCart.API.csproj", "{19807BBE-74B9-4C09-BF50-C239750DCF4D}"
EndProject
Project("{9A19103F-16F7-4668-BE54-9A1E7A4F7556}") = "NSE.Payment.API", "src\Services\NSE.Payment.API\NSE.Payment.API.csproj", "{4FF4F7B8-47AC-45A6-8928-8778366D370D}"
EndProject
Project("{9A19103F-16F7-4668-BE54-9A1E7A4F7556}") = "NSE.Order.API", "src\Services\NSE.Order.API\NSE.Order.API.csproj", "{327EFDC8-C1E6-4CE4-900D-3919AFAE5753}"
EndProject
Project("{9A19103F-16F7-4668-BE54-9A1E7A4F7556}") = "NSE.Catalog.API", "src\Services\NSE.Catalog.API\NSE.Catalog.API.csproj", "{4390ED18-7F7E-4790-907C-9182AF5EA510}"
EndProject
Project("{9A19103F-16F7-4668-BE54-9A1E7A4F7556}") = "NSE.WebApp.MVC", "src\Web\NSE.WebApp.MVC\NSE.WebApp.MVC.csproj", "{93DA0BEF-3E7D-4F4B-9C38-03CBADB68D5E}"
EndProject
Global
	GlobalSection(SolutionConfigurationPlatforms) = preSolution
		Debug|Any CPU = Debug|Any CPU
		Release|Any CPU = Release|Any CPU
	EndGlobalSection
	GlobalSection(ProjectConfigurationPlatforms) = postSolution
		{82651452-C5DB-4965-B84F-1722E09A9688}.Debug|Any CPU.ActiveCfg = Debug|Any CPU
		{82651452-C5DB-4965-B84F-1722E09A9688}.Debug|Any CPU.Build.0 = Debug|Any CPU
		{82651452-C5DB-4965-B84F-1722E09A9688}.Release|Any CPU.ActiveCfg = Release|Any CPU
		{82651452-C5DB-4965-B84F-1722E09A9688}.Release|Any CPU.Build.0 = Release|Any CPU
		{D611B5FC-8A3E-43BE-B97A-CAD91391405E}.Debug|Any CPU.ActiveCfg = Debug|Any CPU
		{D611B5FC-8A3E-43BE-B97A-CAD91391405E}.Debug|Any CPU.Build.0 = Debug|Any CPU
		{D611B5FC-8A3E-43BE-B97A-CAD91391405E}.Release|Any CPU.ActiveCfg = Release|Any CPU
		{D611B5FC-8A3E-43BE-B97A-CAD91391405E}.Release|Any CPU.Build.0 = Release|Any CPU
		{19807BBE-74B9-4C09-BF50-C239750DCF4D}.Debug|Any CPU.ActiveCfg = Debug|Any CPU
		{19807BBE-74B9-4C09-BF50-C239750DCF4D}.Debug|Any CPU.Build.0 = Debug|Any CPU
		{19807BBE-74B9-4C09-BF50-C239750DCF4D}.Release|Any CPU.ActiveCfg = Release|Any CPU
		{19807BBE-74B9-4C09-BF50-C239750DCF4D}.Release|Any CPU.Build.0 = Release|Any CPU
		{4FF4F7B8-47AC-45A6-8928-8778366D370D}.Debug|Any CPU.ActiveCfg = Debug|Any CPU
		{4FF4F7B8-47AC-45A6-8928-8778366D370D}.Debug|Any CPU.Build.0 = Debug|Any CPU
		{4FF4F7B8-47AC-45A6-8928-8778366D370D}.Release|Any CPU.ActiveCfg = Release|Any CPU
		{4FF4F7B8-47AC-45A6-8928-8778366D370D}.Release|Any CPU.Build.0 = Release|Any CPU
		{327EFDC8-C1E6-4CE4-900D-3919AFAE5753}.Debug|Any CPU.ActiveCfg = Debug|Any CPU
		{327EFDC8-C1E6-4CE4-900D-3919AFAE5753}.Debug|Any CPU.Build.0 = Debug|Any CPU
		{327EFDC8-C1E6-4CE4-900D-3919AFAE5753}.Release|Any CPU.ActiveCfg = Release|Any CPU
		{327EFDC8-C1E6-4CE4-900D-3919AFAE5753}.Release|Any CPU.Build.0 = Release|Any CPU
		{4390ED18-7F7E-4790-907C-9182AF5EA510}.Debug|Any CPU.ActiveCfg = Debug|Any CPU
		{4390ED18-7F7E-4790-907C-9182AF5EA510}.Debug|Any CPU.Build.0 = Debug|Any CPU
		{4390ED18-7F7E-4790-907C-9182AF5EA510}.Release|Any CPU.ActiveCfg = Release|Any CPU
		{4390ED18-7F7E-4790-907C-9182AF5EA510}.Release|Any CPU.Build.0 = Release|Any CPU
		{93DA0BEF-3E7D-4F4B-9C38-03CBADB68D5E}.Debug|Any CPU.ActiveCfg = Debug|Any CPU
		{93DA0BEF-3E7D-4F4B-9C38-03CBADB68D5E}.Debug|Any CPU.Build.0 = Debug|Any CPU
		{93DA0BEF-3E7D-4F4B-9C38-03CBADB68D5E}.Release|Any CPU.ActiveCfg = Release|Any CPU
		{93DA0BEF-3E7D-4F4B-9C38-03CBADB68D5E}.Release|Any CPU.Build.0 = Release|Any CPU
	EndGlobalSection
	GlobalSection(SolutionProperties) = preSolution
		HideSolutionNode = FALSE
	EndGlobalSection
	GlobalSection(NestedProjects) = preSolution
		{82651452-C5DB-4965-B84F-1722E09A9688} = {EBBC192C-24F7-409C-9371-787A24FC3E28}
		{C731DA8E-83BF-49C9-BA36-EDE61F517869} = {EEC5C172-A721-4E5A-AD21-951F784585AD}
		{EBBC192C-24F7-409C-9371-787A24FC3E28} = {2700FDCA-955A-42D9-8DDF-90C1ECBC47E3}
		{85B85FFB-FF29-4A89-A582-7A7BB900D239} = {2700FDCA-955A-42D9-8DDF-90C1ECBC47E3}
		{96DFD8E5-D8BB-42B8-8359-394717CDDB3B} = {2700FDCA-955A-42D9-8DDF-90C1ECBC47E3}
		{7DF070AE-7599-4AB2-AA85-D1A575C1EEB1} = {2700FDCA-955A-42D9-8DDF-90C1ECBC47E3}
		{21E712F0-5C37-42CA-983B-DA72D1EDFD9A} = {2700FDCA-955A-42D9-8DDF-90C1ECBC47E3}
		{23A34D1A-B5D7-47B5-B5C3-540ECC84DAC0} = {D95BEB62-4DE3-481F-AE9E-2E7B0E8700FB}
		{D611B5FC-8A3E-43BE-B97A-CAD91391405E} = {C731DA8E-83BF-49C9-BA36-EDE61F517869}
		{19807BBE-74B9-4C09-BF50-C239750DCF4D} = {85B85FFB-FF29-4A89-A582-7A7BB900D239}
		{4FF4F7B8-47AC-45A6-8928-8778366D370D} = {7DF070AE-7599-4AB2-AA85-D1A575C1EEB1}
		{327EFDC8-C1E6-4CE4-900D-3919AFAE5753} = {21E712F0-5C37-42CA-983B-DA72D1EDFD9A}
		{4390ED18-7F7E-4790-907C-9182AF5EA510} = {96DFD8E5-D8BB-42B8-8359-394717CDDB3B}
		{93DA0BEF-3E7D-4F4B-9C38-03CBADB68D5E} = {23A34D1A-B5D7-47B5-B5C3-540ECC84DAC0}
	EndGlobalSection
	GlobalSection(ExtensibilityGlobals) = postSolution
		SolutionGuid = {36420FD1-3983-466E-B0FB-59D1D9FFD039}
	EndGlobalSection
EndGlobal
